lockfileVersion: '6.0'

settings:
  autoInstallPeers: true
  excludeLinksFromLockfile: false

dependencies:
  playwright:
    specifier: ^1.41.1
    version: 1.41.1

packages:

  /fsevents@2.3.2:
    resolution: {integrity: sha512-xiqMQR4xAeHTuB9uWm+fFRcIOgKBMiOBP+eXiyT7jsgVCq1bkVygt00oASowB7EdtpOHaaPgKt812P9ab+DDKA==}
    engines: {node: ^8.16.0 || ^10.6.0 || >=11.0.0}
    os: [darwin]
    requiresBuild: true
    dev: false
    optional: true

  /playwright-core@1.41.1:
    resolution: {integrity: sha512-/KPO5DzXSMlxSX77wy+HihKGOunh3hqndhqeo/nMxfigiKzogn8kfL0ZBDu0L1RKgan5XHCPmn6zXd2NUJgjhg==}
    engines: {node: '>=16'}
    hasBin: true
    dev: false

  /playwright@1.41.1:
    resolution: {integrity: sha512-gdZAWG97oUnbBdRL3GuBvX3nDDmUOuqzV/D24dytqlKt+eI5KbwusluZRGljx1YoJKZ2NRPaeWiFTeGZO7SosQ==}
    engines: {node: '>=16'}
    hasBin: true
    dependencies:
      playwright-core: 1.41.1
    optionalDependencies:
      fsevents: 2.3.2
    dev: false
